# This file is generated by running "yarn install" inside your project.
# Manual changes might be lost - proceed with caution!

__metadata:
  version: 6
  cacheKey: 8c0

"example-app-prod@workspace:.":
  version: 0.0.0-use.local
  resolution: "example-app-prod@workspace:."
  dependencies:
    storybook-addon-deep-controls: ^0.8.1
  languageName: unknown
  linkType: soft

"storybook-addon-deep-controls@npm:^0.8.1":
  version: 0.8.1
  resolution: "storybook-addon-deep-controls@npm:0.8.1"
  peerDependencies:
    "@storybook/addon-controls": 7.x.x || 8.x.x
    "@storybook/types": 7.x.x || 8.x.x
    storybook: 7.x.x || 8.x.x
  checksum: cc0b0f749e38e731cfc939eb0fe9f333ee68e0ad52ec5482ab15edad6a5a5ac4c2cb0dd33cb96ddbc87543005ac4d3096793fea6c5ca4b13adb358d6cb449e65
  languageName: node
  linkType: hard
