# This file is generated by running "yarn install" inside your project.
# Manual changes might be lost - proceed with caution!

__metadata:
  version: 6
  cacheKey: 8

"example-app-prod@workspace:.":
  version: 0.0.0-use.local
  resolution: "example-app-prod@workspace:."
  dependencies:
    storybook-addon-deep-controls: ^0.1.1
  languageName: unknown
  linkType: soft

"storybook-addon-deep-controls@npm:^0.1.1":
  version: 0.1.1
  resolution: "storybook-addon-deep-controls@npm:0.1.1"
  peerDependencies:
    "@storybook/addon-controls": 7.x.x
    storybook: 7.x.x
  checksum: 46e507a6f03712f592b4dfabbab853721d9ab549a622c7c829c830aa2faf366647abb8102b2faf1fee9ffd1df98c2951da2e7a920cd6a5b8839f172f44e94e4e
  languageName: node
  linkType: hard
